Microsoft Visual Studio Solution File, Format Version 12.00
# Visual Studio Version 17
VisualStudioVersion = 17.5.2.0
MinimumVisualStudioVersion = 10.0.40219.1
Project("{FAE04EC0-301F-11D3-BF4B-00C04F79EFBC}") = "MP1Project", "MP1Project.csproj", "{430BDB77-549F-91B4-5737-1A3CCAC6E782}"
EndProject
Global
	GlobalSection(SolutionConfigurationPlatforms) = preSolution
		Debug|Any CPU = Debug|Any CPU
		Release|Any CPU = Release|Any CPU
	EndGlobalSection
	GlobalSection(ProjectConfigurationPlatforms) = postSolution
		{430BDB77-549F-91B4-5737-1A3CCAC6E782}.Debug|Any CPU.ActiveCfg = Debug|Any CPU
		{430BDB77-549F-91B4-5737-1A3CCAC6E782}.Debug|Any CPU.Build.0 = Debug|Any CPU
		{430BDB77-549F-91B4-5737-1A3CCAC6E782}.Release|Any CPU.ActiveCfg = Release|Any CPU
		{430BDB77-549F-91B4-5737-1A3CCAC6E782}.Release|Any CPU.Build.0 = Release|Any CPU
	EndGlobalSection
	GlobalSection(SolutionProperties) = preSolution
		HideSolutionNode = FALSE
	EndGlobalSection
	GlobalSection(ExtensibilityGlobals) = postSolution
		SolutionGuid = {9A5C8DBD-FE5F-4C3D-90DB-9E83C0179DCB}
	EndGlobalSection
EndGlobal
